// !$*UTF8*$!
{
	archiveVersion = 1;
	classes = {
	};
	objectVersion = 46;
	objects = {

/* Begin PBXBuildFile section */
		3C91EA9E169FAC3C0017E3FC /* Foundation.framework in Frameworks */ = {isa = PBXBuildFile; fileRef = 3C91EA9D169FAC3C0017E3FC /* Foundation.framework */; };
		3C91EAA3169FAC3C0017E3FC /* TableViewPullRefresh.h in CopyFiles */ = {isa = PBXBuildFile; fileRef = 3C91EAA2169FAC3C0017E3FC /* TableViewPullRefresh.h */; };
		3C91EAA5169FAC3C0017E3FC /* TableViewPullRefresh.m in Sources */ = {isa = PBXBuildFile; fileRef = 3C91EAA4169FAC3C0017E3FC /* TableViewPullRefresh.m */; };
/* End PBXBuildFile section */

/* Begin PBXCopyFilesBuildPhase section */
		3C91EA98169FAC3C0017E3FC /* CopyFiles */ = {
			isa = PBXCopyFilesBuildPhase;
			buildActionMask = 2147483647;
			dstPath = "include/${PRODUCT_NAME}";
			dstSubfolderSpec = 16;
			files = (
				3C91EAA3169FAC3C0017E3FC /* TableViewPullRefresh.h in CopyFiles */,
			);
			runOnlyForDeploymentPostprocessing = 0;
		};
/* End PBXCopyFilesBuildPhase section */

/* Begin PBXFileReference section */
		3C91EA9A169FAC3C0017E3FC /* libTableViewPullRefresh.a */ = {isa = PBXFileReference; explicitFileType = archive.ar; includeInIndex = 0; path = libTableViewPullRefresh.a; sourceTree = BUILT_PRODUCTS_DIR; };
		3C91EA9D169FAC3C0017E3FC /* Foundation.framework */ = {isa = PBXFileReference; lastKnownFileType = wrapper.framework; name = Foundation.framework; path = System/Library/Frameworks/Foundation.framework; sourceTree = SDKROOT; };
		3C91EAA1169FAC3C0017E3FC /* TableViewPullRefresh-Prefix.pch */ = {isa = PBXFileReference; lastKnownFileType = sourcecode.c.h; path = "TableViewPullRefresh-Prefix.pch"; sourceTree = "<group>"; };
		3C91EAA2169FAC3C0017E3FC /* TableViewPullRefresh.h */ = {isa = PBXFileReference; lastKnownFileType = sourcecode.c.h; path = TableViewPullRefresh.h; sourceTree = "<group>"; };
		3C91EAA4169FAC3C0017E3FC /* TableViewPullRefresh.m */ = {isa = PBXFileReference; lastKnownFileType = sourcecode.c.objc; path = TableViewPullRefresh.m; sourceTree = "<group>"; };
/* End PBXFileReference section */

/* Begin PBXFrameworksBuildPhase section */
		3C91EA97169FAC3C0017E3FC /* Frameworks */ = {
			isa = PBXFrameworksBuildPhase;
			buildActionMask = 2147483647;
			files = (
				3C91EA9E169FAC3C0017E3FC /* Foundation.framework in Frameworks */,
			);
			runOnlyForDeploymentPostprocessing = 0;
		};
/* End PBXFrameworksBuildPhase section */

/* Begin PBXGroup section */
		3C91EA8F169FAC3C0017E3FC = {
			isa = PBXGroup;
			children = (
				3C91EA9F169FAC3C0017E3FC /* TableViewPullRefresh */,
				3C91EA9C169FAC3C0017E3FC /* Frameworks */,
				3C91EA9B169FAC3C0017E3FC /* Products */,
			);
			sourceTree = "<group>";
		};
		3C91EA9B169FAC3C0017E3FC /* Products */ = {
			isa = PBXGroup;
			children = (
				3C91EA9A169FAC3C0017E3FC /* libTableViewPullRefresh.a */,
			);
			name = Products;
			sourceTree = "<group>";
		};
		3C91EA9C169FAC3C0017E3FC /* Frameworks */ = {
			isa = PBXGroup;
			children = (
				3C91EA9D169FAC3C0017E3FC /* Foundation.framework */,
			);
			name = Frameworks;
			sourceTree = "<group>";
		};
		3C91EA9F169FAC3C0017E3FC /* TableViewPullRefresh */ = {
			isa = PBXGroup;
			children = (
				3C91EAA2169FAC3C0017E3FC /* TableViewPullRefresh.h */,
				3C91EAA4169FAC3C0017E3FC /* TableViewPullRefresh.m */,
				3C91EAA0169FAC3C0017E3FC /* Supporting Files */,
			);
			path = TableViewPullRefresh;
			sourceTree = "<group>";
		};
		3C91EAA0169FAC3C0017E3FC /* Supporting Files */ = {
			isa = PBXGroup;
			children = (
				3C91EAA1169FAC3C0017E3FC /* TableViewPullRefresh-Prefix.pch */,
			);
			name = "Supporting Files";
			sourceTree = "<group>";
		};
/* End PBXGroup section */

/* Begin PBXNativeTarget section */
		3C91EA99169FAC3C0017E3FC /* TableViewPullRefresh */ = {
			isa = PBXNativeTarget;
			buildConfigurationList = 3C91EAA8169FAC3C0017E3FC /* Build configuration list for PBXNativeTarget "TableViewPullRefresh" */;
			buildPhases = (
				3C91EA96169FAC3C0017E3FC /* Sources */,
				3C91EA97169FAC3C0017E3FC /* Frameworks */,
				3C91EA98169FAC3C0017E3FC /* CopyFiles */,
			);
			buildRules = (
			);
			dependencies = (
			);
			name = TableViewPullRefresh;
			productName = TableViewPullRefresh;
			productReference = 3C91EA9A169FAC3C0017E3FC /* libTableViewPullRefresh.a */;
			productType = "com.apple.product-type.library.static";
		};
/* End PBXNativeTarget section */

/* Begin PBXProject section */
		3C91EA91169FAC3C0017E3FC /* Project object */ = {
			isa = PBXProject;
			attributes = {
				LastUpgradeCheck = 0450;
				ORGANIZATIONNAME = "Liu&Mao";
			};
			buildConfigurationList = 3C91EA94169FAC3C0017E3FC /* Build configuration list for PBXProject "TableViewPullRefresh" */;
			compatibilityVersion = "Xcode 3.2";
			developmentRegion = English;
			hasScannedForEncodings = 0;
			knownRegions = (
				en,
			);
			mainGroup = 3C91EA8F169FAC3C0017E3FC;
			productRefGroup = 3C91EA9B169FAC3C0017E3FC /* Products */;
			projectDirPath = "";
			projectRoot = "";
			targets = (
				3C91EA99169FAC3C0017E3FC /* TableViewPullRefresh */,
			);
		};
/* End PBXProject section */

/* Begin PBXSourcesBuildPhase section */
		3C91EA96169FAC3C0017E3FC /* Sources */ = {
			isa = PBXSourcesBuildPhase;
			buildActionMask = 2147483647;
			files = (
				3C91EAA5169FAC3C0017E3FC /* TableViewPullRefresh.m in Sources */,
			);
			runOnlyForDeploymentPostprocessing = 0;
		};
/* End PBXSourcesBuildPhase section */

/* Begin XCBuildConfiguration section */
		3C91EAA6169FAC3C0017E3FC /* Debug */ = {
			isa = XCBuildConfiguration;
			buildSettings = {
				ALWAYS_SEARCH_USER_PATHS = NO;
				CLANG_CXX_LANGUAGE_STANDARD = "gnu++0x";
				CLANG_CXX_LIBRARY = "libc++";
				CLANG_WARN_EMPTY_BODY = YES;
				CLANG_WARN__DUPLICATE_METHOD_MATCH = YES;
				COPY_PHASE_STRIP = NO;
				GCC_C_LANGUAGE_STANDARD = gnu99;
				GCC_DYNAMIC_NO_PIC = NO;
				GCC_OPTIMIZATION_LEVEL = 0;
				GCC_PREPROCESSOR_DEFINITIONS = (
					"DEBUG=1",
					"$(inherited)",
				);
				GCC_SYMBOLS_PRIVATE_EXTERN = NO;
				GCC_WARN_ABOUT_RETURN_TYPE = YES;
				GCC_WARN_UNINITIALIZED_AUTOS = YES;
				GCC_WARN_UNUSED_VARIABLE = YES;
				IPHONEOS_DEPLOYMENT_TARGET = 6.0;
				SDKROOT = iphoneos;
			};
			name = Debug;
		};
		3C91EAA7169FAC3C0017E3FC /* Release */ = {
			isa = XCBuildConfiguration;
			buildSettings = {
				ALWAYS_SEARCH_USER_PATHS = NO;
				CLANG_CXX_LANGUAGE_STANDARD = "gnu++0x";
				CLANG_CXX_LIBRARY = "libc++";
				CLANG_WARN_EMPTY_BODY = YES;
				CLANG_WARN__DUPLICATE_METHOD_MATCH = YES;
				COPY_PHASE_STRIP = YES;
				GCC_C_LANGUAGE_STANDARD = gnu99;
				GCC_WARN_ABOUT_RETURN_TYPE = YES;
				GCC_WARN_UNINITIALIZED_AUTOS = YES;
				GCC_WARN_UNUSED_VARIABLE = YES;
				IPHONEOS_DEPLOYMENT_TARGET = 6.0;
				SDKROOT = iphoneos;
				VALIDATE_PRODUCT = YES;
			};
			name = Release;
		};
		3C91EAA9169FAC3C0017E3FC /* Debug */ = {
			isa = XCBuildConfiguration;
			buildSettings = {
				DSTROOT = /tmp/TableViewPullRefresh.dst;
				GCC_PRECOMPILE_PREFIX_HEADER = YES;
				GCC_PREFIX_HEADER = "TableViewPullRefresh/TableViewPullRefresh-Prefix.pch";
				OTHER_LDFLAGS = "-ObjC";
				PRODUCT_NAME = "$(TARGET_NAME)";
				SKIP_INSTALL = YES;
			};
			name = Debug;
		};
		3C91EAAA169FAC3C0017E3FC /* Release */ = {
			isa = XCBuildConfiguration;
			buildSettings = {
				DSTROOT = /tmp/TableViewPullRefresh.dst;
				GCC_PRECOMPILE_PREFIX_HEADER = YES;
				GCC_PREFIX_HEADER = "TableViewPullRefresh/TableViewPullRefresh-Prefix.pch";
				OTHER_LDFLAGS = "-ObjC";
				PRODUCT_NAME = "$(TARGET_NAME)";
				SKIP_INSTALL = YES;
			};
			name = Release;
		};
/* End XCBuildConfiguration section */

/* Begin XCConfigurationList section */
		3C91EA94169FAC3C0017E3FC /* Build configuration list for PBXProject "TableViewPullRefresh" */ = {
			isa = XCConfigurationList;
			buildConfigurations = (
				3C91EAA6169FAC3C0017E3FC /* Debug */,
				3C91EAA7169FAC3C0017E3FC /* Release */,
			);
			defaultConfigurationIsVisible = 0;
			defaultConfigurationName = Release;
		};
		3C91EAA8169FAC3C0017E3FC /* Build configuration list for PBXNativeTarget "TableViewPullRefresh" */ = {
			isa = XCConfigurationList;
			buildConfigurations = (
				3C91EAA9169FAC3C0017E3FC /* Debug */,
				3C91EAAA169FAC3C0017E3FC /* Release */,
			);
			defaultConfigurationIsVisible = 0;
		};
/* End XCConfigurationList section */
	};
	rootObject = 3C91EA91169FAC3C0017E3FC /* Project object */;
}
